
Microsoft Visual Studio Solution File, Format Version 12.00
# Visual Studio Version 16
VisualStudioVersion = 16.0.32802.440
MinimumVisualStudioVersion = 10.0.40219.1
Project("{FAE04EC0-301F-11D3-BF4B-00C04F79EFBC}") = "Day17AssignmentOfToday", "Day17AssignmentOfToday.csproj", "{1500FB1D-CFE4-499E-8993-0B330BC00C26}"
EndProject
Global
	GlobalSection(SolutionConfigurationPlatforms) = preSolution
		Debug|Any CPU = Debug|Any CPU
		Release|Any CPU = Release|Any CPU
	EndGlobalSection
	GlobalSection(ProjectConfigurationPlatforms) = postSolution
		{1500FB1D-CFE4-499E-8993-0B330BC00C26}.Debug|Any CPU.ActiveCfg = Debug|Any CPU
		{1500FB1D-CFE4-499E-8993-0B330BC00C26}.Debug|Any CPU.Build.0 = Debug|Any CPU
		{1500FB1D-CFE4-499E-8993-0B330BC00C26}.Release|Any CPU.ActiveCfg = Release|Any CPU
		{1500FB1D-CFE4-499E-8993-0B330BC00C26}.Release|Any CPU.Build.0 = Release|Any CPU
	EndGlobalSection
	GlobalSection(SolutionProperties) = preSolution
		HideSolutionNode = FALSE
	EndGlobalSection
	GlobalSection(ExtensibilityGlobals) = postSolution
		SolutionGuid = {F8250A67-55D5-4E35-AD3D-4358B8ADF674}
	EndGlobalSection
EndGlobal
